
Microsoft Visual Studio Solution File, Format Version 12.00
# Visual Studio Version 17
VisualStudioVersion = 17.9.34728.123
MinimumVisualStudioVersion = 10.0.40219.1
Project("{FAE04EC0-301F-11D3-BF4B-00C04F79EFBC}") = "ASM 2", "ASM 2\ASM 2.csproj", "{75813645-03A1-4F79-ADC1-B079A2F11FCF}"
EndProject
Global
	GlobalSection(SolutionConfigurationPlatforms) = preSolution
		Debug|Any CPU = Debug|Any CPU
		Release|Any CPU = Release|Any CPU
	EndGlobalSection
	GlobalSection(ProjectConfigurationPlatforms) = postSolution
		{75813645-03A1-4F79-ADC1-B079A2F11FCF}.Debug|Any CPU.ActiveCfg = Debug|Any CPU
		{75813645-03A1-4F79-ADC1-B079A2F11FCF}.Debug|Any CPU.Build.0 = Debug|Any CPU
		{75813645-03A1-4F79-ADC1-B079A2F11FCF}.Release|Any CPU.ActiveCfg = Release|Any CPU
		{75813645-03A1-4F79-ADC1-B079A2F11FCF}.Release|Any CPU.Build.0 = Release|Any CPU
	EndGlobalSection
	GlobalSection(SolutionProperties) = preSolution
		HideSolutionNode = FALSE
	EndGlobalSection
	GlobalSection(ExtensibilityGlobals) = postSolution
		SolutionGuid = {14CB7B4B-BF6B-41EB-9CE1-E04CD29FEEB2}
	EndGlobalSection
EndGlobal
